<?xml version="1.0" encoding="utf-8"?>
<Project ToolsVersion="4.0" xmlns="http://schemas.microsoft.com/developer/msbuild/2003">
  <ItemGroup>
    <Filter Include="Source Files">
      <UniqueIdentifier>{4FC737F1-C7A5-4376-A066-2A32D752A2FF}</UniqueIdentifier>
      <Extensions>cpp;c;cc;cxx;def;odl;idl;hpj;bat;asm;asmx</Extensions>
    </Filter>
    <Filter Include="Header Files">
      <UniqueIdentifier>{93995380-89BD-4b04-88EB-625FBE52EBFB}</UniqueIdentifier>
      <Extensions>h;hpp;hxx;hm;inl;inc;xsd</Extensions>
    </Filter>
    <Filter Include="Source Files\GL">
      <UniqueIdentifier>{0b7cee90-0ef9-42a6-afa4-6f59e0544855}</UniqueIdentifier>
    </Filter>
    <Filter Include="Header Files\GL">
      <UniqueIdentifier>{d5e14431-3939-4851-be3a-b314ad925b95}</UniqueIdentifier>
    </Filter>
  </ItemGroup>
  <ItemGroup>
    <ClCompile Include="..\GLG3D.lib\source\ArticulatedModel.cpp">
      <Filter>Source Files</Filter>
    </ClCompile>
    <ClCompile Include="..\GLG3D.lib\source\ArticulatedModel_Operation.cpp">
      <Filter>Source Files</Filter>
    </ClCompile>
    <ClCompile Include="..\GLG3D.lib\source\BackgroundWidget.cpp">
      <Filter>Source Files</Filter>
    </ClCompile>
    <ClCompile Include="..\GLG3D.lib\source\BSPMAP.cpp">
      <Filter>Source Files</Filter>
    </ClCompile>
    <ClCompile Include="..\GLG3D.lib\source\BSPMAPLoad.cpp">
      <Filter>Source Files</Filter>
    </ClCompile>
    <ClCompile Include="..\GLG3D.lib\source\BumpMap.cpp">
      <Filter>Source Files</Filter>
    </ClCompile>
    <ClCompile Include="..\GLG3D.lib\source\CameraControlWindow.cpp">
      <Filter>Source Files</Filter>
    </ClCompile>
    <ClCompile Include="..\GLG3D.lib\source\Component.cpp">
      <Filter>Source Files</Filter>
    </ClCompile>
    <ClCompile Include="..\GLG3D.lib\source\DDSTexture.cpp">
      <Filter>Source Files</Filter>
    </ClCompile>
    <ClCompile Include="..\GLG3D.lib\source\DeveloperWindow.cpp">
      <Filter>Source Files</Filter>
    </ClCompile>
    <ClCompile Include="..\GLG3D.lib\source\DirectionHistogram.cpp">
      <Filter>Source Files</Filter>
    </ClCompile>
    <ClCompile Include="..\GLG3D.lib\source\Discovery.cpp">
      <Filter>Source Files</Filter>
    </ClCompile>
    <ClCompile Include="..\GLG3D.lib\source\Draw.cpp">
      <Filter>Source Files</Filter>
    </ClCompile>
    <ClCompile Include="..\GLG3D.lib\source\DXCaps.cpp">
      <Filter>Source Files</Filter>
    </ClCompile>
    <ClCompile Include="..\GLG3D.lib\source\edgeFeatures.cpp">
      <Filter>Source Files</Filter>
    </ClCompile>
    <ClCompile Include="..\GLG3D.lib\source\FileDialog.cpp">
      <Filter>Source Files</Filter>
    </ClCompile>
    <ClCompile Include="..\GLG3D.lib\source\Film.cpp">
      <Filter>Source Files</Filter>
    </ClCompile>
    <ClCompile Include="..\GLG3D.lib\source\FirstPersonManipulator.cpp">
      <Filter>Source Files</Filter>
    </ClCompile>
    <ClCompile Include="..\GLG3D.lib\source\Framebuffer.cpp">
      <Filter>Source Files</Filter>
    </ClCompile>
    <ClCompile Include="..\GLG3D.lib\source\G3DGameUnits.cpp">
      <Filter>Source Files</Filter>
    </ClCompile>
    <ClCompile Include="..\GLG3D.lib\source\GApp.cpp">
      <Filter>Source Files</Filter>
    </ClCompile>
    <ClCompile Include="..\GLG3D.lib\source\GaussianBlur.cpp">
      <Filter>Source Files</Filter>
    </ClCompile>
    <ClCompile Include="..\GLG3D.lib\source\GBuffer.cpp">
      <Filter>Source Files</Filter>
    </ClCompile>
    <ClCompile Include="..\GLG3D.lib\source\GConsole.cpp">
      <Filter>Source Files</Filter>
    </ClCompile>
    <ClCompile Include="..\GLG3D.lib\source\GEntity.cpp">
      <Filter>Source Files</Filter>
    </ClCompile>
    <ClCompile Include="..\GLG3D.lib\source\getOpenGLState.cpp">
      <Filter>Source Files</Filter>
    </ClCompile>
    <ClCompile Include="..\GLG3D.lib\source\GEvent.cpp">
      <Filter>Source Files</Filter>
    </ClCompile>
    <ClCompile Include="..\GLG3D.lib\source\GFont.cpp">
      <Filter>Source Files</Filter>
    </ClCompile>
    <ClCompile Include="..\GLG3D.lib\source\GKey.cpp">
      <Filter>Source Files</Filter>
    </ClCompile>
    <ClCompile Include="..\GLG3D.lib\source\glcalls.cpp">
      <Filter>Source Files</Filter>
    </ClCompile>
    <ClCompile Include="..\GLG3D.lib\source\GLCaps.cpp">
      <Filter>Source Files</Filter>
    </ClCompile>
    <ClCompile Include="..\GLG3D.lib\source\glenumtostring.cpp">
      <Filter>Source Files</Filter>
    </ClCompile>
    <ClCompile Include="..\GLG3D.lib\source\GPUProgram.cpp">
      <Filter>Source Files</Filter>
    </ClCompile>
    <ClCompile Include="..\GLG3D.lib\source\GuiButton.cpp">
      <Filter>Source Files</Filter>
    </ClCompile>
    <ClCompile Include="..\GLG3D.lib\source\GuiCheckBox.cpp">
      <Filter>Source Files</Filter>
    </ClCompile>
    <ClCompile Include="..\GLG3D.lib\source\GuiContainer.cpp">
      <Filter>Source Files</Filter>
    </ClCompile>
    <ClCompile Include="..\GLG3D.lib\source\GuiControl.cpp">
      <Filter>Source Files</Filter>
    </ClCompile>
    <ClCompile Include="..\GLG3D.lib\source\GuiDropDownList.cpp">
      <Filter>Source Files</Filter>
    </ClCompile>
    <ClCompile Include="..\GLG3D.lib\source\GuiFunctionBox.cpp">
      <Filter>Source Files</Filter>
    </ClCompile>
    <ClCompile Include="..\GLG3D.lib\source\GuiLabel.cpp">
      <Filter>Source Files</Filter>
    </ClCompile>
    <ClCompile Include="..\GLG3D.lib\source\GuiMenu.cpp">
      <Filter>Source Files</Filter>
    </ClCompile>
    <ClCompile Include="..\GLG3D.lib\source\GuiPane.cpp">
      <Filter>Source Files</Filter>
    </ClCompile>
    <ClCompile Include="..\GLG3D.lib\source\GuiRadioButton.cpp">
      <Filter>Source Files</Filter>
    </ClCompile>
    <ClCompile Include="..\GLG3D.lib\source\GuiSlider.cpp">
      <Filter>Source Files</Filter>
    </ClCompile>
    <ClCompile Include="..\GLG3D.lib\source\GuiTabPane.cpp">
      <Filter>Source Files</Filter>
    </ClCompile>
    <ClCompile Include="..\GLG3D.lib\source\GuiText.cpp">
      <Filter>Source Files</Filter>
    </ClCompile>
    <ClCompile Include="..\GLG3D.lib\source\GuiTextBox.cpp">
      <Filter>Source Files</Filter>
    </ClCompile>
    <ClCompile Include="..\GLG3D.lib\source\GuiTextureBox.cpp">
      <Filter>Source Files</Filter>
    </ClCompile>
    <ClCompile Include="..\GLG3D.lib\source\GuiTheme.cpp">
      <Filter>Source Files</Filter>
    </ClCompile>
    <ClCompile Include="..\GLG3D.lib\source\GuiWindow.cpp">
      <Filter>Source Files</Filter>
    </ClCompile>
    <ClCompile Include="..\GLG3D.lib\source\IconSet.cpp">
      <Filter>Source Files</Filter>
    </ClCompile>
    <ClCompile Include="..\GLG3D.lib\source\IFSModel.cpp">
      <Filter>Source Files</Filter>
    </ClCompile>
    <ClCompile Include="..\GLG3D.lib\source\Material.cpp">
      <Filter>Source Files</Filter>
    </ClCompile>
    <ClCompile Include="..\GLG3D.lib\source\Material_Specification.cpp">
      <Filter>Source Files</Filter>
    </ClCompile>
    <ClCompile Include="..\GLG3D.lib\source\MD2Model.cpp">
      <Filter>Source Files</Filter>
    </ClCompile>
    <ClCompile Include="..\GLG3D.lib\source\MD2Model_load.cpp">
      <Filter>Source Files</Filter>
    </ClCompile>
    <ClCompile Include="..\GLG3D.lib\source\MD3Model.cpp">
      <Filter>Source Files</Filter>
    </ClCompile>
    <ClCompile Include="..\GLG3D.lib\source\Milestone.cpp">
      <Filter>Source Files</Filter>
    </ClCompile>
    <ClCompile Include="..\GLG3D.lib\source\OSWindow.cpp">
      <Filter>Source Files</Filter>
    </ClCompile>
    <ClCompile Include="..\GLG3D.lib\source\Profiler.cpp">
      <Filter>Source Files</Filter>
    </ClCompile>
    <ClCompile Include="..\GLG3D.lib\source\Renderbuffer.cpp">
      <Filter>Source Files</Filter>
    </ClCompile>
    <ClCompile Include="..\GLG3D.lib\source\RenderDevice.cpp">
      <Filter>Source Files</Filter>
    </ClCompile>
    <ClCompile Include="..\GLG3D.lib\source\SDLWindow.cpp">
      <Filter>Source Files</Filter>
    </ClCompile>
    <ClCompile Include="..\GLG3D.lib\source\Shader.cpp">
      <Filter>Source Files</Filter>
    </ClCompile>
    <ClCompile Include="..\GLG3D.lib\source\ShadowMap.cpp">
      <Filter>Source Files</Filter>
    </ClCompile>
    <ClCompile Include="..\GLG3D.lib\source\shadowVolume.cpp">
      <Filter>Source Files</Filter>
    </ClCompile>
    <ClCompile Include="..\GLG3D.lib\source\Shape.cpp">
      <Filter>Source Files</Filter>
    </ClCompile>
    <ClCompile Include="..\GLG3D.lib\source\Sky.cpp">
      <Filter>Source Files</Filter>
    </ClCompile>
    <ClCompile Include="..\GLG3D.lib\source\SkyParameters.cpp">
      <Filter>Source Files</Filter>
    </ClCompile>
    <ClCompile Include="..\GLG3D.lib\source\SuperBSDF.cpp">
      <Filter>Source Files</Filter>
    </ClCompile>
    <ClCompile Include="..\GLG3D.lib\source\SuperShader.cpp">
      <Filter>Source Files</Filter>
    </ClCompile>
    <ClCompile Include="..\GLG3D.lib\source\SuperSurface.cpp">
      <Filter>Source Files</Filter>
    </ClCompile>
    <ClCompile Include="..\GLG3D.lib\source\Surface.cpp">
      <Filter>Source Files</Filter>
    </ClCompile>
    <ClCompile Include="..\GLG3D.lib\source\tesselate.cpp">
      <Filter>Source Files</Filter>
    </ClCompile>
    <ClCompile Include="..\GLG3D.lib\source\Texture.cpp">
      <Filter>Source Files</Filter>
    </ClCompile>
    <ClCompile Include="..\GLG3D.lib\source\ThirdPersonManipulator.cpp">
      <Filter>Source Files</Filter>
    </ClCompile>
    <ClCompile Include="..\GLG3D.lib\source\ToneMap.cpp">
      <Filter>Source Files</Filter>
    </ClCompile>
    <ClCompile Include="..\GLG3D.lib\source\Tri.cpp">
      <Filter>Source Files</Filter>
    </ClCompile>
    <ClCompile Include="..\GLG3D.lib\source\TriTree.cpp">
      <Filter>Source Files</Filter>
    </ClCompile>
    <ClCompile Include="..\GLG3D.lib\source\TriTree_Poly.cpp">
      <Filter>Source Files</Filter>
    </ClCompile>
    <ClCompile Include="..\GLG3D.lib\source\UprightSplineManipulator.cpp">
      <Filter>Source Files</Filter>
    </ClCompile>
    <ClCompile Include="..\GLG3D.lib\source\UserInput.cpp">
      <Filter>Source Files</Filter>
    </ClCompile>
    <ClCompile Include="..\GLG3D.lib\source\VertexBuffer.cpp">
      <Filter>Source Files</Filter>
    </ClCompile>
    <ClCompile Include="..\GLG3D.lib\source\VertexRange.cpp">
      <Filter>Source Files</Filter>
    </ClCompile>
    <ClCompile Include="..\GLG3D.lib\source\VideoInput.cpp">
      <Filter>Source Files</Filter>
    </ClCompile>
    <ClCompile Include="..\GLG3D.lib\source\VideoOutput.cpp">
      <Filter>Source Files</Filter>
    </ClCompile>
    <ClCompile Include="..\GLG3D.lib\source\VideoRecordDialog.cpp">
      <Filter>Source Files</Filter>
    </ClCompile>
    <ClCompile Include="..\GLG3D.lib\source\Widget.cpp">
      <Filter>Source Files</Filter>
    </ClCompile>
    <ClCompile Include="..\GLG3D.lib\source\Win32Window.cpp">
      <Filter>Source Files</Filter>
    </ClCompile>
    <ClCompile Include="..\GLG3D.lib\source\GL\glew.c">
      <Filter>Source Files\GL</Filter>
    </ClCompile>
    <ClCompile Include="..\GLG3D.lib\source\CarbonWindow.cpp">
      <Filter>Source Files</Filter>
    </ClCompile>
  </ItemGroup>
  <ItemGroup>
    <ClInclude Include="..\GLG3D.lib\source\directinput8.h">
      <Filter>Source Files</Filter>
    </ClInclude>
    <ClInclude Include="..\GLG3D.lib\source\Load3DS.h">
      <Filter>Source Files</Filter>
    </ClInclude>
    <ClInclude Include="..\GLG3D.lib\include\GLG3D\ArticulatedModel.h">
      <Filter>Header Files</Filter>
    </ClInclude>
    <ClInclude Include="..\GLG3D.lib\include\GLG3D\BackgroundWidget.h">
      <Filter>Header Files</Filter>
    </ClInclude>
    <ClInclude Include="..\GLG3D.lib\include\GLG3D\BSPMAP.h">
      <Filter>Header Files</Filter>
    </ClInclude>
    <ClInclude Include="..\GLG3D.lib\include\GLG3D\BumpMap.h">
      <Filter>Header Files</Filter>
    </ClInclude>
    <ClInclude Include="..\GLG3D.lib\include\GLG3D\CameraControlWindow.h">
      <Filter>Header Files</Filter>
    </ClInclude>
    <ClInclude Include="..\GLG3D.lib\include\GLG3D\CarbonWindow.h">
      <Filter>Header Files</Filter>
    </ClInclude>
    <ClInclude Include="..\GLG3D.lib\include\GLG3D\Component.h">
      <Filter>Header Files</Filter>
    </ClInclude>
    <ClInclude Include="..\GLG3D.lib\include\GLG3D\DeveloperWindow.h">
      <Filter>Header Files</Filter>
    </ClInclude>
    <ClInclude Include="..\GLG3D.lib\include\GLG3D\DirectionHistogram.h">
      <Filter>Header Files</Filter>
    </ClInclude>
    <ClInclude Include="..\GLG3D.lib\include\GLG3D\Discovery.h">
      <Filter>Header Files</Filter>
    </ClInclude>
    <ClInclude Include="..\GLG3D.lib\include\GLG3D\Draw.h">
      <Filter>Header Files</Filter>
    </ClInclude>
    <ClInclude Include="..\GLG3D.lib\include\GLG3D\DXCaps.h">
      <Filter>Header Files</Filter>
    </ClInclude>
    <ClInclude Include="..\GLG3D.lib\include\GLG3D\edgeFeatures.h">
      <Filter>Header Files</Filter>
    </ClInclude>
    <ClInclude Include="..\GLG3D.lib\include\GLG3D\FileDialog.h">
      <Filter>Header Files</Filter>
    </ClInclude>
    <ClInclude Include="..\GLG3D.lib\include\GLG3D\Film.h">
      <Filter>Header Files</Filter>
    </ClInclude>
    <ClInclude Include="..\GLG3D.lib\include\GLG3D\FirstPersonManipulator.h">
      <Filter>Header Files</Filter>
    </ClInclude>
    <ClInclude Include="..\GLG3D.lib\include\GLG3D\Framebuffer.h">
      <Filter>Header Files</Filter>
    </ClInclude>
    <ClInclude Include="..\GLG3D.lib\include\GLG3D\G3D_SDL_event.h">
      <Filter>Header Files</Filter>
    </ClInclude>
    <ClInclude Include="..\GLG3D.lib\include\GLG3D\GApp.h">
      <Filter>Header Files</Filter>
    </ClInclude>
    <ClInclude Include="..\GLG3D.lib\include\GLG3D\GaussianBlur.h">
      <Filter>Header Files</Filter>
    </ClInclude>
    <ClInclude Include="..\GLG3D.lib\include\GLG3D\GBuffer.h">
      <Filter>Header Files</Filter>
    </ClInclude>
    <ClInclude Include="..\GLG3D.lib\include\GLG3D\GConsole.h">
      <Filter>Header Files</Filter>
    </ClInclude>
    <ClInclude Include="..\GLG3D.lib\include\GLG3D\GEntity.h">
      <Filter>Header Files</Filter>
    </ClInclude>
    <ClInclude Include="..\GLG3D.lib\include\GLG3D\getOpenGLState.h">
      <Filter>Header Files</Filter>
    </ClInclude>
    <ClInclude Include="..\GLG3D.lib\include\GLG3D\GEvent.h">
      <Filter>Header Files</Filter>
    </ClInclude>
    <ClInclude Include="..\GLG3D.lib\include\GLG3D\GFont.h">
      <Filter>Header Files</Filter>
    </ClInclude>
    <ClInclude Include="..\GLG3D.lib\include\GLG3D\GKey.h">
      <Filter>Header Files</Filter>
    </ClInclude>
    <ClInclude Include="..\GLG3D.lib\include\GLG3D\glcalls.h">
      <Filter>Header Files</Filter>
    </ClInclude>
    <ClInclude Include="..\GLG3D.lib\include\GLG3D\GLCaps.h">
      <Filter>Header Files</Filter>
    </ClInclude>
    <ClInclude Include="..\GLG3D.lib\include\GLG3D\glFormat.h">
      <Filter>Header Files</Filter>
    </ClInclude>
    <ClInclude Include="..\GLG3D.lib\include\GLG3D\GLG3D.h">
      <Filter>Header Files</Filter>
    </ClInclude>
    <ClInclude Include="..\GLG3D.lib\include\GLG3D\glheaders.h">
      <Filter>Header Files</Filter>
    </ClInclude>
    <ClInclude Include="..\GLG3D.lib\include\GLG3D\GPUProgram.h">
      <Filter>Header Files</Filter>
    </ClInclude>
    <ClInclude Include="..\GLG3D.lib\include\GLG3D\GuiButton.h">
      <Filter>Header Files</Filter>
    </ClInclude>
    <ClInclude Include="..\GLG3D.lib\include\GLG3D\GuiCheckBox.h">
      <Filter>Header Files</Filter>
    </ClInclude>
    <ClInclude Include="..\GLG3D.lib\include\GLG3D\GuiContainer.h">
      <Filter>Header Files</Filter>
    </ClInclude>
    <ClInclude Include="..\GLG3D.lib\include\GLG3D\GuiControl.h">
      <Filter>Header Files</Filter>
    </ClInclude>
    <ClInclude Include="..\GLG3D.lib\include\GLG3D\GuiDropDownList.h">
      <Filter>Header Files</Filter>
    </ClInclude>
    <ClInclude Include="..\GLG3D.lib\include\GLG3D\GuiFunctionBox.h">
      <Filter>Header Files</Filter>
    </ClInclude>
    <ClInclude Include="..\GLG3D.lib\include\GLG3D\GuiLabel.h">
      <Filter>Header Files</Filter>
    </ClInclude>
    <ClInclude Include="..\GLG3D.lib\include\GLG3D\GuiMenu.h">
      <Filter>Header Files</Filter>
    </ClInclude>
    <ClInclude Include="..\GLG3D.lib\include\GLG3D\GuiNumberBox.h">
      <Filter>Header Files</Filter>
    </ClInclude>
    <ClInclude Include="..\GLG3D.lib\include\GLG3D\GuiPane.h">
      <Filter>Header Files</Filter>
    </ClInclude>
    <ClInclude Include="..\GLG3D.lib\include\GLG3D\GuiRadioButton.h">
      <Filter>Header Files</Filter>
    </ClInclude>
    <ClInclude Include="..\GLG3D.lib\include\GLG3D\GuiSlider.h">
      <Filter>Header Files</Filter>
    </ClInclude>
    <ClInclude Include="..\GLG3D.lib\include\GLG3D\GuiTabPane.h">
      <Filter>Header Files</Filter>
    </ClInclude>
    <ClInclude Include="..\GLG3D.lib\include\GLG3D\GuiText.h">
      <Filter>Header Files</Filter>
    </ClInclude>
    <ClInclude Include="..\GLG3D.lib\include\GLG3D\GuiTextBox.h">
      <Filter>Header Files</Filter>
    </ClInclude>
    <ClInclude Include="..\GLG3D.lib\include\GLG3D\GuiTextureBox.h">
      <Filter>Header Files</Filter>
    </ClInclude>
    <ClInclude Include="..\GLG3D.lib\include\GLG3D\GuiTheme.h">
      <Filter>Header Files</Filter>
    </ClInclude>
    <ClInclude Include="..\GLG3D.lib\include\GLG3D\GuiWindow.h">
      <Filter>Header Files</Filter>
    </ClInclude>
    <ClInclude Include="..\GLG3D.lib\include\GLG3D\Icon.h">
      <Filter>Header Files</Filter>
    </ClInclude>
    <ClInclude Include="..\GLG3D.lib\include\GLG3D\IconSet.h">
      <Filter>Header Files</Filter>
    </ClInclude>
    <ClInclude Include="..\GLG3D.lib\include\GLG3D\IFSModel.h">
      <Filter>Header Files</Filter>
    </ClInclude>
    <ClInclude Include="..\GLG3D.lib\include\GLG3D\Lighting.h">
      <Filter>Header Files</Filter>
    </ClInclude>
    <ClInclude Include="..\GLG3D.lib\include\GLG3D\Material.h">
      <Filter>Header Files</Filter>
    </ClInclude>
    <ClInclude Include="..\GLG3D.lib\include\GLG3D\MD2Model.h">
      <Filter>Header Files</Filter>
    </ClInclude>
    <ClInclude Include="..\GLG3D.lib\include\GLG3D\MD3Model.h">
      <Filter>Header Files</Filter>
    </ClInclude>
    <ClInclude Include="..\GLG3D.lib\include\GLG3D\Milestone.h">
      <Filter>Header Files</Filter>
    </ClInclude>
    <ClInclude Include="..\GLG3D.lib\include\GLG3D\NSAutoreleasePoolWrapper.h">
      <Filter>Header Files</Filter>
    </ClInclude>
    <ClInclude Include="..\GLG3D.lib\include\GLG3D\OSWindow.h">
      <Filter>Header Files</Filter>
    </ClInclude>
    <ClInclude Include="..\GLG3D.lib\include\GLG3D\Profiler.h">
      <Filter>Header Files</Filter>
    </ClInclude>
    <ClInclude Include="..\GLG3D.lib\include\GLG3D\Renderbuffer.h">
      <Filter>Header Files</Filter>
    </ClInclude>
    <ClInclude Include="..\GLG3D.lib\include\GLG3D\RenderDevice.h">
      <Filter>Header Files</Filter>
    </ClInclude>
    <ClInclude Include="..\GLG3D.lib\include\GLG3D\SDLWindow.h">
      <Filter>Header Files</Filter>
    </ClInclude>
    <ClInclude Include="..\GLG3D.lib\include\GLG3D\Shader.h">
      <Filter>Header Files</Filter>
    </ClInclude>
    <ClInclude Include="..\GLG3D.lib\include\GLG3D\ShadowMap.h">
      <Filter>Header Files</Filter>
    </ClInclude>
    <ClInclude Include="..\GLG3D.lib\include\GLG3D\shadowVolume.h">
      <Filter>Header Files</Filter>
    </ClInclude>
    <ClInclude Include="..\GLG3D.lib\include\GLG3D\Shape.h">
      <Filter>Header Files</Filter>
    </ClInclude>
    <ClInclude Include="..\GLG3D.lib\include\GLG3D\Sky.h">
      <Filter>Header Files</Filter>
    </ClInclude>
    <ClInclude Include="..\GLG3D.lib\include\GLG3D\SkyParameters.h">
      <Filter>Header Files</Filter>
    </ClInclude>
    <ClInclude Include="..\GLG3D.lib\include\GLG3D\SuperBSDF.h">
      <Filter>Header Files</Filter>
    </ClInclude>
    <ClInclude Include="..\GLG3D.lib\include\GLG3D\SuperShader.h">
      <Filter>Header Files</Filter>
    </ClInclude>
    <ClInclude Include="..\GLG3D.lib\include\GLG3D\SuperSurface.h">
      <Filter>Header Files</Filter>
    </ClInclude>
    <ClInclude Include="..\GLG3D.lib\include\GLG3D\Surface.h">
      <Filter>Header Files</Filter>
    </ClInclude>
    <ClInclude Include="..\GLG3D.lib\include\GLG3D\tesselate.h">
      <Filter>Header Files</Filter>
    </ClInclude>
    <ClInclude Include="..\GLG3D.lib\include\GLG3D\Texture.h">
      <Filter>Header Files</Filter>
    </ClInclude>
    <ClInclude Include="..\GLG3D.lib\include\GLG3D\ThirdPersonManipulator.h">
      <Filter>Header Files</Filter>
    </ClInclude>
    <ClInclude Include="..\GLG3D.lib\include\GLG3D\ToneMap.h">
      <Filter>Header Files</Filter>
    </ClInclude>
    <ClInclude Include="..\GLG3D.lib\include\GLG3D\Tri.h">
      <Filter>Header Files</Filter>
    </ClInclude>
    <ClInclude Include="..\GLG3D.lib\include\GLG3D\TriTree.h">
      <Filter>Header Files</Filter>
    </ClInclude>
    <ClInclude Include="..\GLG3D.lib\include\GLG3D\UprightSplineManipulator.h">
      <Filter>Header Files</Filter>
    </ClInclude>
    <ClInclude Include="..\GLG3D.lib\include\GLG3D\UserInput.h">
      <Filter>Header Files</Filter>
    </ClInclude>
    <ClInclude Include="..\GLG3D.lib\include\GLG3D\VertexBuffer.h">
      <Filter>Header Files</Filter>
    </ClInclude>
    <ClInclude Include="..\GLG3D.lib\include\GLG3D\VertexRange.h">
      <Filter>Header Files</Filter>
    </ClInclude>
    <ClInclude Include="..\GLG3D.lib\include\GLG3D\VideoInput.h">
      <Filter>Header Files</Filter>
    </ClInclude>
    <ClInclude Include="..\GLG3D.lib\include\GLG3D\VideoOutput.h">
      <Filter>Header Files</Filter>
    </ClInclude>
    <ClInclude Include="..\GLG3D.lib\include\GLG3D\VideoRecordDialog.h">
      <Filter>Header Files</Filter>
    </ClInclude>
    <ClInclude Include="..\GLG3D.lib\include\GLG3D\Widget.h">
      <Filter>Header Files</Filter>
    </ClInclude>
    <ClInclude Include="..\GLG3D.lib\include\GLG3D\Win32Window.h">
      <Filter>Header Files</Filter>
    </ClInclude>
    <ClInclude Include="..\GLG3D.lib\include\GLG3D\X11Window.h">
      <Filter>Header Files</Filter>
    </ClInclude>
    <ClInclude Include="..\GLG3D.lib\include\GLG3D\GL\glew.h">
      <Filter>Header Files\GL</Filter>
    </ClInclude>
    <ClInclude Include="..\GLG3D.lib\include\GLG3D\GL\glxew.h">
      <Filter>Header Files\GL</Filter>
    </ClInclude>
    <ClInclude Include="..\GLG3D.lib\include\GLG3D\GL\wglew.h">
      <Filter>Header Files\GL</Filter>
    </ClInclude>
  </ItemGroup>
  <ItemGroup>
    <None Include="..\GLG3D.lib\source\NSAutoreleasePoolWrapper.mm">
      <Filter>Source Files</Filter>
    </None>
  </ItemGroup>
</Project>