<?xml version="1.0" encoding="utf-8"?>
<Project ToolsVersion="4.0" xmlns="http://schemas.microsoft.com/developer/msbuild/2003">
  <ItemGroup>
    <Filter Include="Source Files">
      <UniqueIdentifier>{4FC737F1-C7A5-4376-A066-2A32D752A2FF}</UniqueIdentifier>
      <Extensions>cpp;c;cc;cxx;def;odl;idl;hpj;bat;asm;asmx</Extensions>
    </Filter>
    <Filter Include="Header Files">
      <UniqueIdentifier>{93995380-89BD-4b04-88EB-625FBE52EBFB}</UniqueIdentifier>
      <Extensions>h;hpp;hxx;hm;inl;inc;xsd</Extensions>
    </Filter>
  </ItemGroup>
  <ItemGroup>
    <ClCompile Include="..\jpeg.lib\source\jcapimin.c">
      <Filter>Source Files</Filter>
    </ClCompile>
    <ClCompile Include="..\jpeg.lib\source\jcapistd.c">
      <Filter>Source Files</Filter>
    </ClCompile>
    <ClCompile Include="..\jpeg.lib\source\jccoefct.c">
      <Filter>Source Files</Filter>
    </ClCompile>
    <ClCompile Include="..\jpeg.lib\source\jccolor.c">
      <Filter>Source Files</Filter>
    </ClCompile>
    <ClCompile Include="..\jpeg.lib\source\jcdctmgr.c">
      <Filter>Source Files</Filter>
    </ClCompile>
    <ClCompile Include="..\jpeg.lib\source\jchuff.c">
      <Filter>Source Files</Filter>
    </ClCompile>
    <ClCompile Include="..\jpeg.lib\source\jcinit.c">
      <Filter>Source Files</Filter>
    </ClCompile>
    <ClCompile Include="..\jpeg.lib\source\jcmainct.c">
      <Filter>Source Files</Filter>
    </ClCompile>
    <ClCompile Include="..\jpeg.lib\source\jcmarker.c">
      <Filter>Source Files</Filter>
    </ClCompile>
    <ClCompile Include="..\jpeg.lib\source\jcmaster.c">
      <Filter>Source Files</Filter>
    </ClCompile>
    <ClCompile Include="..\jpeg.lib\source\jcomapi.c">
      <Filter>Source Files</Filter>
    </ClCompile>
    <ClCompile Include="..\jpeg.lib\source\jcparam.c">
      <Filter>Source Files</Filter>
    </ClCompile>
    <ClCompile Include="..\jpeg.lib\source\jcphuff.c">
      <Filter>Source Files</Filter>
    </ClCompile>
    <ClCompile Include="..\jpeg.lib\source\jcprepct.c">
      <Filter>Source Files</Filter>
    </ClCompile>
    <ClCompile Include="..\jpeg.lib\source\jcsample.c">
      <Filter>Source Files</Filter>
    </ClCompile>
    <ClCompile Include="..\jpeg.lib\source\jctrans.c">
      <Filter>Source Files</Filter>
    </ClCompile>
    <ClCompile Include="..\jpeg.lib\source\jdapimin.c">
      <Filter>Source Files</Filter>
    </ClCompile>
    <ClCompile Include="..\jpeg.lib\source\jdapistd.c">
      <Filter>Source Files</Filter>
    </ClCompile>
    <ClCompile Include="..\jpeg.lib\source\jdatadst.c">
      <Filter>Source Files</Filter>
    </ClCompile>
    <ClCompile Include="..\jpeg.lib\source\jdatasrc.c">
      <Filter>Source Files</Filter>
    </ClCompile>
    <ClCompile Include="..\jpeg.lib\source\jdcoefct.c">
      <Filter>Source Files</Filter>
    </ClCompile>
    <ClCompile Include="..\jpeg.lib\source\jdcolor.c">
      <Filter>Source Files</Filter>
    </ClCompile>
    <ClCompile Include="..\jpeg.lib\source\jddctmgr.c">
      <Filter>Source Files</Filter>
    </ClCompile>
    <ClCompile Include="..\jpeg.lib\source\jdhuff.c">
      <Filter>Source Files</Filter>
    </ClCompile>
    <ClCompile Include="..\jpeg.lib\source\jdinput.c">
      <Filter>Source Files</Filter>
    </ClCompile>
    <ClCompile Include="..\jpeg.lib\source\jdmainct.c">
      <Filter>Source Files</Filter>
    </ClCompile>
    <ClCompile Include="..\jpeg.lib\source\jdmarker.c">
      <Filter>Source Files</Filter>
    </ClCompile>
    <ClCompile Include="..\jpeg.lib\source\jdmaster.c">
      <Filter>Source Files</Filter>
    </ClCompile>
    <ClCompile Include="..\jpeg.lib\source\jdmerge.c">
      <Filter>Source Files</Filter>
    </ClCompile>
    <ClCompile Include="..\jpeg.lib\source\jdphuff.c">
      <Filter>Source Files</Filter>
    </ClCompile>
    <ClCompile Include="..\jpeg.lib\source\jdpostct.c">
      <Filter>Source Files</Filter>
    </ClCompile>
    <ClCompile Include="..\jpeg.lib\source\jdsample.c">
      <Filter>Source Files</Filter>
    </ClCompile>
    <ClCompile Include="..\jpeg.lib\source\jdtrans.c">
      <Filter>Source Files</Filter>
    </ClCompile>
    <ClCompile Include="..\jpeg.lib\source\jerror.c">
      <Filter>Source Files</Filter>
    </ClCompile>
    <ClCompile Include="..\jpeg.lib\source\jfdctflt.c">
      <Filter>Source Files</Filter>
    </ClCompile>
    <ClCompile Include="..\jpeg.lib\source\jfdctfst.c">
      <Filter>Source Files</Filter>
    </ClCompile>
    <ClCompile Include="..\jpeg.lib\source\jfdctint.c">
      <Filter>Source Files</Filter>
    </ClCompile>
    <ClCompile Include="..\jpeg.lib\source\jidctflt.c">
      <Filter>Source Files</Filter>
    </ClCompile>
    <ClCompile Include="..\jpeg.lib\source\jidctfst.c">
      <Filter>Source Files</Filter>
    </ClCompile>
    <ClCompile Include="..\jpeg.lib\source\jidctint.c">
      <Filter>Source Files</Filter>
    </ClCompile>
    <ClCompile Include="..\jpeg.lib\source\jidctred.c">
      <Filter>Source Files</Filter>
    </ClCompile>
    <ClCompile Include="..\jpeg.lib\source\jmemansi.c">
      <Filter>Source Files</Filter>
    </ClCompile>
    <ClCompile Include="..\jpeg.lib\source\jmemmgr.c">
      <Filter>Source Files</Filter>
    </ClCompile>
    <ClCompile Include="..\jpeg.lib\source\jquant1.c">
      <Filter>Source Files</Filter>
    </ClCompile>
    <ClCompile Include="..\jpeg.lib\source\jquant2.c">
      <Filter>Source Files</Filter>
    </ClCompile>
    <ClCompile Include="..\jpeg.lib\source\jutils.c">
      <Filter>Source Files</Filter>
    </ClCompile>
  </ItemGroup>
  <ItemGroup>
    <ClInclude Include="..\jpeg.lib\include\cderror.h">
      <Filter>Header Files</Filter>
    </ClInclude>
    <ClInclude Include="..\jpeg.lib\include\cdjpeg.h">
      <Filter>Header Files</Filter>
    </ClInclude>
    <ClInclude Include="..\jpeg.lib\include\jchuff.h">
      <Filter>Header Files</Filter>
    </ClInclude>
    <ClInclude Include="..\jpeg.lib\include\jconfig.h">
      <Filter>Header Files</Filter>
    </ClInclude>
    <ClInclude Include="..\jpeg.lib\include\jconfig-osx.h">
      <Filter>Header Files</Filter>
    </ClInclude>
    <ClInclude Include="..\jpeg.lib\include\jconfig-win.h">
      <Filter>Header Files</Filter>
    </ClInclude>
    <ClInclude Include="..\jpeg.lib\include\jdct.h">
      <Filter>Header Files</Filter>
    </ClInclude>
    <ClInclude Include="..\jpeg.lib\include\jdhuff.h">
      <Filter>Header Files</Filter>
    </ClInclude>
    <ClInclude Include="..\jpeg.lib\include\jerror.h">
      <Filter>Header Files</Filter>
    </ClInclude>
    <ClInclude Include="..\jpeg.lib\include\jinclude.h">
      <Filter>Header Files</Filter>
    </ClInclude>
    <ClInclude Include="..\jpeg.lib\include\jmemsys.h">
      <Filter>Header Files</Filter>
    </ClInclude>
    <ClInclude Include="..\jpeg.lib\include\jmorecfg.h">
      <Filter>Header Files</Filter>
    </ClInclude>
    <ClInclude Include="..\jpeg.lib\include\jpegint.h">
      <Filter>Header Files</Filter>
    </ClInclude>
    <ClInclude Include="..\jpeg.lib\include\jpeglib.h">
      <Filter>Header Files</Filter>
    </ClInclude>
    <ClInclude Include="..\jpeg.lib\include\jversion.h">
      <Filter>Header Files</Filter>
    </ClInclude>
    <ClInclude Include="..\jpeg.lib\include\transupp.h">
      <Filter>Header Files</Filter>
    </ClInclude>
  </ItemGroup>
</Project>