
Microsoft Visual Studio Solution File, Format Version 9.00
# Visual C++ Express 2005
Project("{8BC9CEB8-8B4A-11D0-8D11-00A0C91BC942}") = "nsis_vscomp_plugin", "nsis_vscomp_plugin.vcproj", "{D10B9BF6-604C-4938-8683-90E28EFA823D}"
EndProject
Global
	GlobalSection(SolutionConfigurationPlatforms) = preSolution
		Debug|Win32 = Debug|Win32
		Release|Win32 = Release|Win32
	EndGlobalSection
	GlobalSection(ProjectConfigurationPlatforms) = postSolution
		{D10B9BF6-604C-4938-8683-90E28EFA823D}.Debug|Win32.ActiveCfg = Debug|Win32
		{D10B9BF6-604C-4938-8683-90E28EFA823D}.Debug|Win32.Build.0 = Debug|Win32
		{D10B9BF6-604C-4938-8683-90E28EFA823D}.Release|Win32.ActiveCfg = Release|Win32
		{D10B9BF6-604C-4938-8683-90E28EFA823D}.Release|Win32.Build.0 = Release|Win32
	EndGlobalSection
	GlobalSection(SolutionProperties) = preSolution
		HideSolutionNode = FALSE
	EndGlobalSection
EndGlobal
