
Microsoft Visual Studio Solution File, Format Version 9.00
# Visual C++ Express 2005
Project("{8BC9CEB8-8B4A-11D0-8D11-00A0C91BC942}") = "jpeg.lib", "jpeg.lib.vcproj", "{68D6017C-F3C9-4BA0-ACD6-51055E4A5DBC}"
EndProject
Project("{8BC9CEB8-8B4A-11D0-8D11-00A0C91BC942}") = "zlib.lib", "zlib.lib.vcproj", "{89C4AEDA-6125-4547-80FC-7734F84B4192}"
EndProject
Project("{8BC9CEB8-8B4A-11D0-8D11-00A0C91BC942}") = "png.lib", "png.lib.vcproj", "{2F6ED6EF-D5ED-4C72-89D5-0CDE488A94DB}"
EndProject
Project("{8BC9CEB8-8B4A-11D0-8D11-00A0C91BC942}") = "G3D.lib", "G3D.lib.vcproj", "{BD5838BA-4232-4141-A106-7EDA201ADDC5}"
EndProject
Project("{8BC9CEB8-8B4A-11D0-8D11-00A0C91BC942}") = "GLG3D.lib", "GLG3D.lib.vcproj", "{EAB70B08-2F00-4FE1-A444-2D3DD94BF449}"
EndProject
Project("{8BC9CEB8-8B4A-11D0-8D11-00A0C91BC942}") = "gfxmeter", "gfxmeter.vcproj", "{71FC77E1-4CCA-458E-8116-8AD06C2E4A94}"
	ProjectSection(ProjectDependencies) = postProject
		{EAB70B08-2F00-4FE1-A444-2D3DD94BF449} = {EAB70B08-2F00-4FE1-A444-2D3DD94BF449}
		{68D6017C-F3C9-4BA0-ACD6-51055E4A5DBC} = {68D6017C-F3C9-4BA0-ACD6-51055E4A5DBC}
		{BD5838BA-4232-4141-A106-7EDA201ADDC5} = {BD5838BA-4232-4141-A106-7EDA201ADDC5}
		{89C4AEDA-6125-4547-80FC-7734F84B4192} = {89C4AEDA-6125-4547-80FC-7734F84B4192}
		{2F6ED6EF-D5ED-4C72-89D5-0CDE488A94DB} = {2F6ED6EF-D5ED-4C72-89D5-0CDE488A94DB}
	EndProjectSection
EndProject
Project("{8BC9CEB8-8B4A-11D0-8D11-00A0C91BC942}") = "test", "test.vcproj", "{D878DCAA-50BA-406F-BAF8-9C40BEBDC476}"
	ProjectSection(ProjectDependencies) = postProject
		{EAB70B08-2F00-4FE1-A444-2D3DD94BF449} = {EAB70B08-2F00-4FE1-A444-2D3DD94BF449}
		{68D6017C-F3C9-4BA0-ACD6-51055E4A5DBC} = {68D6017C-F3C9-4BA0-ACD6-51055E4A5DBC}
		{BD5838BA-4232-4141-A106-7EDA201ADDC5} = {BD5838BA-4232-4141-A106-7EDA201ADDC5}
		{89C4AEDA-6125-4547-80FC-7734F84B4192} = {89C4AEDA-6125-4547-80FC-7734F84B4192}
		{2F6ED6EF-D5ED-4C72-89D5-0CDE488A94DB} = {2F6ED6EF-D5ED-4C72-89D5-0CDE488A94DB}
	EndProjectSection
EndProject
Project("{8BC9CEB8-8B4A-11D0-8D11-00A0C91BC942}") = "scratch", "scratch.vcproj", "{7E3C8363-BCA0-4BBD-9830-B9095C1FA8A9}"
EndProject
Global
	GlobalSection(SolutionConfigurationPlatforms) = preSolution
		Debug|Win32 = Debug|Win32
		Release|Win32 = Release|Win32
	EndGlobalSection
	GlobalSection(ProjectConfigurationPlatforms) = postSolution
		{68D6017C-F3C9-4BA0-ACD6-51055E4A5DBC}.Debug|Win32.ActiveCfg = Release|Win32
		{68D6017C-F3C9-4BA0-ACD6-51055E4A5DBC}.Debug|Win32.Build.0 = Release|Win32
		{68D6017C-F3C9-4BA0-ACD6-51055E4A5DBC}.Release|Win32.ActiveCfg = Release|Win32
		{68D6017C-F3C9-4BA0-ACD6-51055E4A5DBC}.Release|Win32.Build.0 = Release|Win32
		{89C4AEDA-6125-4547-80FC-7734F84B4192}.Debug|Win32.ActiveCfg = Release|Win32
		{89C4AEDA-6125-4547-80FC-7734F84B4192}.Debug|Win32.Build.0 = Release|Win32
		{89C4AEDA-6125-4547-80FC-7734F84B4192}.Release|Win32.ActiveCfg = Release|Win32
		{89C4AEDA-6125-4547-80FC-7734F84B4192}.Release|Win32.Build.0 = Release|Win32
		{2F6ED6EF-D5ED-4C72-89D5-0CDE488A94DB}.Debug|Win32.ActiveCfg = Release|Win32
		{2F6ED6EF-D5ED-4C72-89D5-0CDE488A94DB}.Debug|Win32.Build.0 = Release|Win32
		{2F6ED6EF-D5ED-4C72-89D5-0CDE488A94DB}.Release|Win32.ActiveCfg = Release|Win32
		{2F6ED6EF-D5ED-4C72-89D5-0CDE488A94DB}.Release|Win32.Build.0 = Release|Win32
		{BD5838BA-4232-4141-A106-7EDA201ADDC5}.Debug|Win32.ActiveCfg = Debug|Win32
		{BD5838BA-4232-4141-A106-7EDA201ADDC5}.Debug|Win32.Build.0 = Debug|Win32
		{BD5838BA-4232-4141-A106-7EDA201ADDC5}.Release|Win32.ActiveCfg = Release|Win32
		{BD5838BA-4232-4141-A106-7EDA201ADDC5}.Release|Win32.Build.0 = Release|Win32
		{EAB70B08-2F00-4FE1-A444-2D3DD94BF449}.Debug|Win32.ActiveCfg = Debug|Win32
		{EAB70B08-2F00-4FE1-A444-2D3DD94BF449}.Debug|Win32.Build.0 = Debug|Win32
		{EAB70B08-2F00-4FE1-A444-2D3DD94BF449}.Release|Win32.ActiveCfg = Release|Win32
		{EAB70B08-2F00-4FE1-A444-2D3DD94BF449}.Release|Win32.Build.0 = Release|Win32
		{71FC77E1-4CCA-458E-8116-8AD06C2E4A94}.Debug|Win32.ActiveCfg = Debug|Win32
		{71FC77E1-4CCA-458E-8116-8AD06C2E4A94}.Debug|Win32.Build.0 = Debug|Win32
		{71FC77E1-4CCA-458E-8116-8AD06C2E4A94}.Release|Win32.ActiveCfg = Release|Win32
		{71FC77E1-4CCA-458E-8116-8AD06C2E4A94}.Release|Win32.Build.0 = Release|Win32
		{D878DCAA-50BA-406F-BAF8-9C40BEBDC476}.Debug|Win32.ActiveCfg = Debug|Win32
		{D878DCAA-50BA-406F-BAF8-9C40BEBDC476}.Debug|Win32.Build.0 = Debug|Win32
		{D878DCAA-50BA-406F-BAF8-9C40BEBDC476}.Release|Win32.ActiveCfg = Release|Win32
		{D878DCAA-50BA-406F-BAF8-9C40BEBDC476}.Release|Win32.Build.0 = Release|Win32
		{7E3C8363-BCA0-4BBD-9830-B9095C1FA8A9}.Debug|Win32.ActiveCfg = Debug|Win32
		{7E3C8363-BCA0-4BBD-9830-B9095C1FA8A9}.Debug|Win32.Build.0 = Debug|Win32
		{7E3C8363-BCA0-4BBD-9830-B9095C1FA8A9}.Release|Win32.ActiveCfg = Release|Win32
		{7E3C8363-BCA0-4BBD-9830-B9095C1FA8A9}.Release|Win32.Build.0 = Release|Win32
	EndGlobalSection
	GlobalSection(SolutionProperties) = preSolution
		HideSolutionNode = FALSE
	EndGlobalSection
EndGlobal
