
Microsoft Visual Studio Solution File, Format Version 10.00
# Visual C++ Express 2008
Project("{8BC9CEB8-8B4A-11D0-8D11-00A0C91BC942}") = "G3D.lib", "G3D.lib.vcproj", "{5C007A87-504A-4F1D-93DF-FEBA30F2AF26}"
	ProjectSection(ProjectDependencies) = postProject
		{4F586E13-4B49-4FD5-8EB9-7A456CB8BE16} = {4F586E13-4B49-4FD5-8EB9-7A456CB8BE16}
		{681099BF-CEF2-40CC-A302-1E525D0FFFE5} = {681099BF-CEF2-40CC-A302-1E525D0FFFE5}
		{A0F6F9E7-529E-4656-B11D-A3185A77E4C9} = {A0F6F9E7-529E-4656-B11D-A3185A77E4C9}
		{4BEDD7F0-0EE2-42A5-9080-309D1F352D77} = {4BEDD7F0-0EE2-42A5-9080-309D1F352D77}
	EndProjectSection
EndProject
Project("{8BC9CEB8-8B4A-11D0-8D11-00A0C91BC942}") = "CopyIfNewer", "CopyIfNewer.vcproj", "{9E111BDA-0786-463B-9034-3FAEE8DBED91}"
	ProjectSection(ProjectDependencies) = postProject
		{5C007A87-504A-4F1D-93DF-FEBA30F2AF26} = {5C007A87-504A-4F1D-93DF-FEBA30F2AF26}
	EndProjectSection
EndProject
Project("{8BC9CEB8-8B4A-11D0-8D11-00A0C91BC942}") = "png.lib", "png.lib.vcproj", "{681099BF-CEF2-40CC-A302-1E525D0FFFE5}"
EndProject
Project("{8BC9CEB8-8B4A-11D0-8D11-00A0C91BC942}") = "jpeg.lib", "jpeg.lib.vcproj", "{4BEDD7F0-0EE2-42A5-9080-309D1F352D77}"
EndProject
Project("{8BC9CEB8-8B4A-11D0-8D11-00A0C91BC942}") = "zip.lib", "zip.lib.vcproj", "{4F586E13-4B49-4FD5-8EB9-7A456CB8BE16}"
EndProject
Project("{8BC9CEB8-8B4A-11D0-8D11-00A0C91BC942}") = "zlib.lib", "zlib.lib.vcproj", "{A0F6F9E7-529E-4656-B11D-A3185A77E4C9}"
EndProject
Project("{8BC9CEB8-8B4A-11D0-8D11-00A0C91BC942}") = "GLG3D.lib", "GLG3D.lib.vcproj", "{492FA428-5827-44C3-B7EA-2C2E4D23B911}"
	ProjectSection(ProjectDependencies) = postProject
		{4F586E13-4B49-4FD5-8EB9-7A456CB8BE16} = {4F586E13-4B49-4FD5-8EB9-7A456CB8BE16}
		{5C007A87-504A-4F1D-93DF-FEBA30F2AF26} = {5C007A87-504A-4F1D-93DF-FEBA30F2AF26}
		{681099BF-CEF2-40CC-A302-1E525D0FFFE5} = {681099BF-CEF2-40CC-A302-1E525D0FFFE5}
		{A0F6F9E7-529E-4656-B11D-A3185A77E4C9} = {A0F6F9E7-529E-4656-B11D-A3185A77E4C9}
		{4BEDD7F0-0EE2-42A5-9080-309D1F352D77} = {4BEDD7F0-0EE2-42A5-9080-309D1F352D77}
	EndProjectSection
EndProject
Project("{8BC9CEB8-8B4A-11D0-8D11-00A0C91BC942}") = "Documentation", "Documentation.vcproj", "{BCCCC869-0C80-4F26-A302-956C43604FEA}"
EndProject
Project("{8BC9CEB8-8B4A-11D0-8D11-00A0C91BC942}") = "test", "test.vcproj", "{D878DCAA-50BA-406F-BAF8-9C40BEBDC476}"
	ProjectSection(ProjectDependencies) = postProject
		{4F586E13-4B49-4FD5-8EB9-7A456CB8BE16} = {4F586E13-4B49-4FD5-8EB9-7A456CB8BE16}
		{492FA428-5827-44C3-B7EA-2C2E4D23B911} = {492FA428-5827-44C3-B7EA-2C2E4D23B911}
		{5C007A87-504A-4F1D-93DF-FEBA30F2AF26} = {5C007A87-504A-4F1D-93DF-FEBA30F2AF26}
		{681099BF-CEF2-40CC-A302-1E525D0FFFE5} = {681099BF-CEF2-40CC-A302-1E525D0FFFE5}
		{A0F6F9E7-529E-4656-B11D-A3185A77E4C9} = {A0F6F9E7-529E-4656-B11D-A3185A77E4C9}
		{4BEDD7F0-0EE2-42A5-9080-309D1F352D77} = {4BEDD7F0-0EE2-42A5-9080-309D1F352D77}
	EndProjectSection
EndProject
Project("{8BC9CEB8-8B4A-11D0-8D11-00A0C91BC942}") = "viewer", "viewer.vcproj", "{F11EB24A-207D-4BBD-993F-F2757D91B2FC}"
	ProjectSection(ProjectDependencies) = postProject
		{4F586E13-4B49-4FD5-8EB9-7A456CB8BE16} = {4F586E13-4B49-4FD5-8EB9-7A456CB8BE16}
		{492FA428-5827-44C3-B7EA-2C2E4D23B911} = {492FA428-5827-44C3-B7EA-2C2E4D23B911}
		{5C007A87-504A-4F1D-93DF-FEBA30F2AF26} = {5C007A87-504A-4F1D-93DF-FEBA30F2AF26}
		{681099BF-CEF2-40CC-A302-1E525D0FFFE5} = {681099BF-CEF2-40CC-A302-1E525D0FFFE5}
		{A0F6F9E7-529E-4656-B11D-A3185A77E4C9} = {A0F6F9E7-529E-4656-B11D-A3185A77E4C9}
		{4BEDD7F0-0EE2-42A5-9080-309D1F352D77} = {4BEDD7F0-0EE2-42A5-9080-309D1F352D77}
	EndProjectSection
EndProject
Project("{8BC9CEB8-8B4A-11D0-8D11-00A0C91BC942}") = "gfxmeter", "gfxmeter.vcproj", "{71FC77E1-4CCA-458E-8116-8AD06C2E4A94}"
	ProjectSection(ProjectDependencies) = postProject
		{4F586E13-4B49-4FD5-8EB9-7A456CB8BE16} = {4F586E13-4B49-4FD5-8EB9-7A456CB8BE16}
		{492FA428-5827-44C3-B7EA-2C2E4D23B911} = {492FA428-5827-44C3-B7EA-2C2E4D23B911}
		{5C007A87-504A-4F1D-93DF-FEBA30F2AF26} = {5C007A87-504A-4F1D-93DF-FEBA30F2AF26}
		{681099BF-CEF2-40CC-A302-1E525D0FFFE5} = {681099BF-CEF2-40CC-A302-1E525D0FFFE5}
		{A0F6F9E7-529E-4656-B11D-A3185A77E4C9} = {A0F6F9E7-529E-4656-B11D-A3185A77E4C9}
		{4BEDD7F0-0EE2-42A5-9080-309D1F352D77} = {4BEDD7F0-0EE2-42A5-9080-309D1F352D77}
	EndProjectSection
EndProject
Project("{8BC9CEB8-8B4A-11D0-8D11-00A0C91BC942}") = "models", "models.vcproj", "{EE7E98B5-C240-4475-8019-FB6FC50CEFED}"
	ProjectSection(ProjectDependencies) = postProject
		{4F586E13-4B49-4FD5-8EB9-7A456CB8BE16} = {4F586E13-4B49-4FD5-8EB9-7A456CB8BE16}
		{492FA428-5827-44C3-B7EA-2C2E4D23B911} = {492FA428-5827-44C3-B7EA-2C2E4D23B911}
		{5C007A87-504A-4F1D-93DF-FEBA30F2AF26} = {5C007A87-504A-4F1D-93DF-FEBA30F2AF26}
		{681099BF-CEF2-40CC-A302-1E525D0FFFE5} = {681099BF-CEF2-40CC-A302-1E525D0FFFE5}
		{A0F6F9E7-529E-4656-B11D-A3185A77E4C9} = {A0F6F9E7-529E-4656-B11D-A3185A77E4C9}
		{4BEDD7F0-0EE2-42A5-9080-309D1F352D77} = {4BEDD7F0-0EE2-42A5-9080-309D1F352D77}
	EndProjectSection
EndProject
Project("{8BC9CEB8-8B4A-11D0-8D11-00A0C91BC942}") = "rawOpenGL", "rawOpenGL.vcproj", "{1D451750-BC2F-4408-BFF9-4B75863AE708}"
	ProjectSection(ProjectDependencies) = postProject
		{4F586E13-4B49-4FD5-8EB9-7A456CB8BE16} = {4F586E13-4B49-4FD5-8EB9-7A456CB8BE16}
		{492FA428-5827-44C3-B7EA-2C2E4D23B911} = {492FA428-5827-44C3-B7EA-2C2E4D23B911}
		{5C007A87-504A-4F1D-93DF-FEBA30F2AF26} = {5C007A87-504A-4F1D-93DF-FEBA30F2AF26}
		{681099BF-CEF2-40CC-A302-1E525D0FFFE5} = {681099BF-CEF2-40CC-A302-1E525D0FFFE5}
		{A0F6F9E7-529E-4656-B11D-A3185A77E4C9} = {A0F6F9E7-529E-4656-B11D-A3185A77E4C9}
		{4BEDD7F0-0EE2-42A5-9080-309D1F352D77} = {4BEDD7F0-0EE2-42A5-9080-309D1F352D77}
	EndProjectSection
EndProject
Project("{8BC9CEB8-8B4A-11D0-8D11-00A0C91BC942}") = "shader", "shader.vcproj", "{3CCA556D-7EEA-4026-8509-E7345E5A4FC0}"
	ProjectSection(ProjectDependencies) = postProject
		{492FA428-5827-44C3-B7EA-2C2E4D23B911} = {492FA428-5827-44C3-B7EA-2C2E4D23B911}
		{5C007A87-504A-4F1D-93DF-FEBA30F2AF26} = {5C007A87-504A-4F1D-93DF-FEBA30F2AF26}
	EndProjectSection
EndProject
Project("{8BC9CEB8-8B4A-11D0-8D11-00A0C91BC942}") = "starter", "starter.vcproj", "{83274861-7246-489E-8316-5BFE7A02C31B}"
	ProjectSection(ProjectDependencies) = postProject
		{4F586E13-4B49-4FD5-8EB9-7A456CB8BE16} = {4F586E13-4B49-4FD5-8EB9-7A456CB8BE16}
		{492FA428-5827-44C3-B7EA-2C2E4D23B911} = {492FA428-5827-44C3-B7EA-2C2E4D23B911}
		{5C007A87-504A-4F1D-93DF-FEBA30F2AF26} = {5C007A87-504A-4F1D-93DF-FEBA30F2AF26}
		{681099BF-CEF2-40CC-A302-1E525D0FFFE5} = {681099BF-CEF2-40CC-A302-1E525D0FFFE5}
		{A0F6F9E7-529E-4656-B11D-A3185A77E4C9} = {A0F6F9E7-529E-4656-B11D-A3185A77E4C9}
		{4BEDD7F0-0EE2-42A5-9080-309D1F352D77} = {4BEDD7F0-0EE2-42A5-9080-309D1F352D77}
	EndProjectSection
EndProject
Project("{8BC9CEB8-8B4A-11D0-8D11-00A0C91BC942}") = "network", "network.vcproj", "{E3464A8A-0733-4902-B58D-4BD97FAD3FC9}"
	ProjectSection(ProjectDependencies) = postProject
		{492FA428-5827-44C3-B7EA-2C2E4D23B911} = {492FA428-5827-44C3-B7EA-2C2E4D23B911}
		{5C007A87-504A-4F1D-93DF-FEBA30F2AF26} = {5C007A87-504A-4F1D-93DF-FEBA30F2AF26}
	EndProjectSection
EndProject
Project("{8BC9CEB8-8B4A-11D0-8D11-00A0C91BC942}") = "scratch-morgan", "scratch-morgan.vcproj", "{F603CF62-E885-4BDF-9182-DA66181F760C}"
	ProjectSection(ProjectDependencies) = postProject
		{4F586E13-4B49-4FD5-8EB9-7A456CB8BE16} = {4F586E13-4B49-4FD5-8EB9-7A456CB8BE16}
		{492FA428-5827-44C3-B7EA-2C2E4D23B911} = {492FA428-5827-44C3-B7EA-2C2E4D23B911}
		{5C007A87-504A-4F1D-93DF-FEBA30F2AF26} = {5C007A87-504A-4F1D-93DF-FEBA30F2AF26}
		{681099BF-CEF2-40CC-A302-1E525D0FFFE5} = {681099BF-CEF2-40CC-A302-1E525D0FFFE5}
		{A0F6F9E7-529E-4656-B11D-A3185A77E4C9} = {A0F6F9E7-529E-4656-B11D-A3185A77E4C9}
		{4BEDD7F0-0EE2-42A5-9080-309D1F352D77} = {4BEDD7F0-0EE2-42A5-9080-309D1F352D77}
	EndProjectSection
EndProject
Project("{8BC9CEB8-8B4A-11D0-8D11-00A0C91BC942}") = "scratch-corey", "scratch-corey.vcproj", "{1FC4D7F2-4583-4FA1-8D76-474F3AF84DA3}"
	ProjectSection(ProjectDependencies) = postProject
		{4F586E13-4B49-4FD5-8EB9-7A456CB8BE16} = {4F586E13-4B49-4FD5-8EB9-7A456CB8BE16}
		{492FA428-5827-44C3-B7EA-2C2E4D23B911} = {492FA428-5827-44C3-B7EA-2C2E4D23B911}
		{5C007A87-504A-4F1D-93DF-FEBA30F2AF26} = {5C007A87-504A-4F1D-93DF-FEBA30F2AF26}
		{681099BF-CEF2-40CC-A302-1E525D0FFFE5} = {681099BF-CEF2-40CC-A302-1E525D0FFFE5}
		{A0F6F9E7-529E-4656-B11D-A3185A77E4C9} = {A0F6F9E7-529E-4656-B11D-A3185A77E4C9}
		{4BEDD7F0-0EE2-42A5-9080-309D1F352D77} = {4BEDD7F0-0EE2-42A5-9080-309D1F352D77}
	EndProjectSection
EndProject
Project("{8BC9CEB8-8B4A-11D0-8D11-00A0C91BC942}") = "rayTrace", "rayTrace.vcproj", "{9E2B5365-953E-436D-B93B-992F429CFE2E}"
	ProjectSection(ProjectDependencies) = postProject
		{4F586E13-4B49-4FD5-8EB9-7A456CB8BE16} = {4F586E13-4B49-4FD5-8EB9-7A456CB8BE16}
		{492FA428-5827-44C3-B7EA-2C2E4D23B911} = {492FA428-5827-44C3-B7EA-2C2E4D23B911}
		{5C007A87-504A-4F1D-93DF-FEBA30F2AF26} = {5C007A87-504A-4F1D-93DF-FEBA30F2AF26}
		{681099BF-CEF2-40CC-A302-1E525D0FFFE5} = {681099BF-CEF2-40CC-A302-1E525D0FFFE5}
		{A0F6F9E7-529E-4656-B11D-A3185A77E4C9} = {A0F6F9E7-529E-4656-B11D-A3185A77E4C9}
		{4BEDD7F0-0EE2-42A5-9080-309D1F352D77} = {4BEDD7F0-0EE2-42A5-9080-309D1F352D77}
	EndProjectSection
EndProject
Project("{8BC9CEB8-8B4A-11D0-8D11-00A0C91BC942}") = "tiff.lib", "tiff.lib.vcproj", "{C5FEB71E-8AB3-4AA2-98AE-F9BCE1F5AA3B}"
EndProject
Global
	GlobalSection(SolutionConfigurationPlatforms) = preSolution
		Debug|Win32 = Debug|Win32
		Release|Win32 = Release|Win32
	EndGlobalSection
	GlobalSection(ProjectConfigurationPlatforms) = postSolution
		{5C007A87-504A-4F1D-93DF-FEBA30F2AF26}.Debug|Win32.ActiveCfg = Debug|Win32
		{5C007A87-504A-4F1D-93DF-FEBA30F2AF26}.Debug|Win32.Build.0 = Debug|Win32
		{5C007A87-504A-4F1D-93DF-FEBA30F2AF26}.Release|Win32.ActiveCfg = Release|Win32
		{5C007A87-504A-4F1D-93DF-FEBA30F2AF26}.Release|Win32.Build.0 = Release|Win32
		{9E111BDA-0786-463B-9034-3FAEE8DBED91}.Debug|Win32.ActiveCfg = Debug|Win32
		{9E111BDA-0786-463B-9034-3FAEE8DBED91}.Debug|Win32.Build.0 = Debug|Win32
		{9E111BDA-0786-463B-9034-3FAEE8DBED91}.Release|Win32.ActiveCfg = Release|Win32
		{9E111BDA-0786-463B-9034-3FAEE8DBED91}.Release|Win32.Build.0 = Release|Win32
		{681099BF-CEF2-40CC-A302-1E525D0FFFE5}.Debug|Win32.ActiveCfg = Release|Win32
		{681099BF-CEF2-40CC-A302-1E525D0FFFE5}.Debug|Win32.Build.0 = Release|Win32
		{681099BF-CEF2-40CC-A302-1E525D0FFFE5}.Release|Win32.ActiveCfg = Release|Win32
		{681099BF-CEF2-40CC-A302-1E525D0FFFE5}.Release|Win32.Build.0 = Release|Win32
		{4BEDD7F0-0EE2-42A5-9080-309D1F352D77}.Debug|Win32.ActiveCfg = Release|Win32
		{4BEDD7F0-0EE2-42A5-9080-309D1F352D77}.Debug|Win32.Build.0 = Release|Win32
		{4BEDD7F0-0EE2-42A5-9080-309D1F352D77}.Release|Win32.ActiveCfg = Release|Win32
		{4BEDD7F0-0EE2-42A5-9080-309D1F352D77}.Release|Win32.Build.0 = Release|Win32
		{4F586E13-4B49-4FD5-8EB9-7A456CB8BE16}.Debug|Win32.ActiveCfg = Release|Win32
		{4F586E13-4B49-4FD5-8EB9-7A456CB8BE16}.Debug|Win32.Build.0 = Release|Win32
		{4F586E13-4B49-4FD5-8EB9-7A456CB8BE16}.Release|Win32.ActiveCfg = Release|Win32
		{4F586E13-4B49-4FD5-8EB9-7A456CB8BE16}.Release|Win32.Build.0 = Release|Win32
		{A0F6F9E7-529E-4656-B11D-A3185A77E4C9}.Debug|Win32.ActiveCfg = Release|Win32
		{A0F6F9E7-529E-4656-B11D-A3185A77E4C9}.Debug|Win32.Build.0 = Release|Win32
		{A0F6F9E7-529E-4656-B11D-A3185A77E4C9}.Release|Win32.ActiveCfg = Release|Win32
		{A0F6F9E7-529E-4656-B11D-A3185A77E4C9}.Release|Win32.Build.0 = Release|Win32
		{492FA428-5827-44C3-B7EA-2C2E4D23B911}.Debug|Win32.ActiveCfg = Debug|Win32
		{492FA428-5827-44C3-B7EA-2C2E4D23B911}.Debug|Win32.Build.0 = Debug|Win32
		{492FA428-5827-44C3-B7EA-2C2E4D23B911}.Release|Win32.ActiveCfg = Release|Win32
		{492FA428-5827-44C3-B7EA-2C2E4D23B911}.Release|Win32.Build.0 = Release|Win32
		{BCCCC869-0C80-4F26-A302-956C43604FEA}.Debug|Win32.ActiveCfg = Debug|Win32
		{BCCCC869-0C80-4F26-A302-956C43604FEA}.Debug|Win32.Build.0 = Debug|Win32
		{BCCCC869-0C80-4F26-A302-956C43604FEA}.Release|Win32.ActiveCfg = Release|Win32
		{BCCCC869-0C80-4F26-A302-956C43604FEA}.Release|Win32.Build.0 = Release|Win32
		{D878DCAA-50BA-406F-BAF8-9C40BEBDC476}.Debug|Win32.ActiveCfg = Debug|Win32
		{D878DCAA-50BA-406F-BAF8-9C40BEBDC476}.Debug|Win32.Build.0 = Debug|Win32
		{D878DCAA-50BA-406F-BAF8-9C40BEBDC476}.Release|Win32.ActiveCfg = Release|Win32
		{D878DCAA-50BA-406F-BAF8-9C40BEBDC476}.Release|Win32.Build.0 = Release|Win32
		{F11EB24A-207D-4BBD-993F-F2757D91B2FC}.Debug|Win32.ActiveCfg = Debug|Win32
		{F11EB24A-207D-4BBD-993F-F2757D91B2FC}.Debug|Win32.Build.0 = Debug|Win32
		{F11EB24A-207D-4BBD-993F-F2757D91B2FC}.Release|Win32.ActiveCfg = Release|Win32
		{F11EB24A-207D-4BBD-993F-F2757D91B2FC}.Release|Win32.Build.0 = Release|Win32
		{71FC77E1-4CCA-458E-8116-8AD06C2E4A94}.Debug|Win32.ActiveCfg = Debug|Win32
		{71FC77E1-4CCA-458E-8116-8AD06C2E4A94}.Debug|Win32.Build.0 = Debug|Win32
		{71FC77E1-4CCA-458E-8116-8AD06C2E4A94}.Release|Win32.ActiveCfg = Release|Win32
		{71FC77E1-4CCA-458E-8116-8AD06C2E4A94}.Release|Win32.Build.0 = Release|Win32
		{EE7E98B5-C240-4475-8019-FB6FC50CEFED}.Debug|Win32.ActiveCfg = Debug|Win32
		{EE7E98B5-C240-4475-8019-FB6FC50CEFED}.Debug|Win32.Build.0 = Debug|Win32
		{EE7E98B5-C240-4475-8019-FB6FC50CEFED}.Release|Win32.ActiveCfg = Release|Win32
		{EE7E98B5-C240-4475-8019-FB6FC50CEFED}.Release|Win32.Build.0 = Release|Win32
		{1D451750-BC2F-4408-BFF9-4B75863AE708}.Debug|Win32.ActiveCfg = Debug|Win32
		{1D451750-BC2F-4408-BFF9-4B75863AE708}.Debug|Win32.Build.0 = Debug|Win32
		{1D451750-BC2F-4408-BFF9-4B75863AE708}.Release|Win32.ActiveCfg = Release|Win32
		{1D451750-BC2F-4408-BFF9-4B75863AE708}.Release|Win32.Build.0 = Release|Win32
		{3CCA556D-7EEA-4026-8509-E7345E5A4FC0}.Debug|Win32.ActiveCfg = Debug|Win32
		{3CCA556D-7EEA-4026-8509-E7345E5A4FC0}.Debug|Win32.Build.0 = Debug|Win32
		{3CCA556D-7EEA-4026-8509-E7345E5A4FC0}.Release|Win32.ActiveCfg = Release|Win32
		{3CCA556D-7EEA-4026-8509-E7345E5A4FC0}.Release|Win32.Build.0 = Release|Win32
		{83274861-7246-489E-8316-5BFE7A02C31B}.Debug|Win32.ActiveCfg = Debug|Win32
		{83274861-7246-489E-8316-5BFE7A02C31B}.Debug|Win32.Build.0 = Debug|Win32
		{83274861-7246-489E-8316-5BFE7A02C31B}.Release|Win32.ActiveCfg = Release|Win32
		{83274861-7246-489E-8316-5BFE7A02C31B}.Release|Win32.Build.0 = Release|Win32
		{E3464A8A-0733-4902-B58D-4BD97FAD3FC9}.Debug|Win32.ActiveCfg = Debug|Win32
		{E3464A8A-0733-4902-B58D-4BD97FAD3FC9}.Debug|Win32.Build.0 = Debug|Win32
		{E3464A8A-0733-4902-B58D-4BD97FAD3FC9}.Release|Win32.ActiveCfg = Release|Win32
		{E3464A8A-0733-4902-B58D-4BD97FAD3FC9}.Release|Win32.Build.0 = Release|Win32
		{F603CF62-E885-4BDF-9182-DA66181F760C}.Debug|Win32.ActiveCfg = Debug|Win32
		{F603CF62-E885-4BDF-9182-DA66181F760C}.Debug|Win32.Build.0 = Debug|Win32
		{F603CF62-E885-4BDF-9182-DA66181F760C}.Release|Win32.ActiveCfg = Release|Win32
		{F603CF62-E885-4BDF-9182-DA66181F760C}.Release|Win32.Build.0 = Release|Win32
		{1FC4D7F2-4583-4FA1-8D76-474F3AF84DA3}.Debug|Win32.ActiveCfg = Debug|Win32
		{1FC4D7F2-4583-4FA1-8D76-474F3AF84DA3}.Debug|Win32.Build.0 = Debug|Win32
		{1FC4D7F2-4583-4FA1-8D76-474F3AF84DA3}.Release|Win32.ActiveCfg = Release|Win32
		{1FC4D7F2-4583-4FA1-8D76-474F3AF84DA3}.Release|Win32.Build.0 = Release|Win32
		{9E2B5365-953E-436D-B93B-992F429CFE2E}.Debug|Win32.ActiveCfg = Debug|Win32
		{9E2B5365-953E-436D-B93B-992F429CFE2E}.Debug|Win32.Build.0 = Debug|Win32
		{9E2B5365-953E-436D-B93B-992F429CFE2E}.Release|Win32.ActiveCfg = Release|Win32
		{9E2B5365-953E-436D-B93B-992F429CFE2E}.Release|Win32.Build.0 = Release|Win32
		{C5FEB71E-8AB3-4AA2-98AE-F9BCE1F5AA3B}.Debug|Win32.ActiveCfg = Release|Win32
		{C5FEB71E-8AB3-4AA2-98AE-F9BCE1F5AA3B}.Debug|Win32.Build.0 = Release|Win32
		{C5FEB71E-8AB3-4AA2-98AE-F9BCE1F5AA3B}.Release|Win32.ActiveCfg = Release|Win32
		{C5FEB71E-8AB3-4AA2-98AE-F9BCE1F5AA3B}.Release|Win32.Build.0 = Release|Win32
	EndGlobalSection
	GlobalSection(SolutionProperties) = preSolution
		HideSolutionNode = FALSE
	EndGlobalSection
EndGlobal
